
Microsoft Visual Studio Solution File, Format Version 12.00
# Visual Studio 2013
VisualStudioVersion = 12.0.31101.0
MinimumVisualStudioVersion = 10.0.40219.1
Project("{FAE04EC0-301F-11D3-BF4B-00C04F79EFBC}") = "Client", "Client\Client.csproj", "{E581B5B1-05ED-4EBA-B2A3-955D81E88B2C}"
EndProject
Project("{FAE04EC0-301F-11D3-BF4B-00C04F79EFBC}") = "UnitTest", "UnitTest\UnitTest.csproj", "{083B3F06-44AA-4852-9668-A6CE98BEA984}"
EndProject
Project("{FAE04EC0-301F-11D3-BF4B-00C04F79EFBC}") = "TestUnitNsubstitute", "TestUnitNsubstitute\TestUnitNsubstitute.csproj", "{2A9B4966-2264-4507-B13B-7C4FA764F099}"
EndProject
Global
	GlobalSection(SolutionConfigurationPlatforms) = preSolution
		Debug|Any CPU = Debug|Any CPU
		Release|Any CPU = Release|Any CPU
	EndGlobalSection
	GlobalSection(ProjectConfigurationPlatforms) = postSolution
		{E581B5B1-05ED-4EBA-B2A3-955D81E88B2C}.Debug|Any CPU.ActiveCfg = Debug|Any CPU
		{E581B5B1-05ED-4EBA-B2A3-955D81E88B2C}.Debug|Any CPU.Build.0 = Debug|Any CPU
		{E581B5B1-05ED-4EBA-B2A3-955D81E88B2C}.Release|Any CPU.ActiveCfg = Release|Any CPU
		{E581B5B1-05ED-4EBA-B2A3-955D81E88B2C}.Release|Any CPU.Build.0 = Release|Any CPU
		{083B3F06-44AA-4852-9668-A6CE98BEA984}.Debug|Any CPU.ActiveCfg = Debug|Any CPU
		{083B3F06-44AA-4852-9668-A6CE98BEA984}.Debug|Any CPU.Build.0 = Debug|Any CPU
		{083B3F06-44AA-4852-9668-A6CE98BEA984}.Release|Any CPU.ActiveCfg = Release|Any CPU
		{083B3F06-44AA-4852-9668-A6CE98BEA984}.Release|Any CPU.Build.0 = Release|Any CPU
		{2A9B4966-2264-4507-B13B-7C4FA764F099}.Debug|Any CPU.ActiveCfg = Debug|Any CPU
		{2A9B4966-2264-4507-B13B-7C4FA764F099}.Debug|Any CPU.Build.0 = Debug|Any CPU
		{2A9B4966-2264-4507-B13B-7C4FA764F099}.Release|Any CPU.ActiveCfg = Release|Any CPU
		{2A9B4966-2264-4507-B13B-7C4FA764F099}.Release|Any CPU.Build.0 = Release|Any CPU
	EndGlobalSection
	GlobalSection(SolutionProperties) = preSolution
		HideSolutionNode = FALSE
	EndGlobalSection
EndGlobal
